
Microsoft Visual Studio Solution File, Format Version 12.00
# Visual Studio Version 17
VisualStudioVersion = 17.6.33829.357
MinimumVisualStudioVersion = 10.0.40219.1
Project("{FAE04EC0-301F-11D3-BF4B-00C04F79EFBC}") = "MyMonie.API.User", "MyMonie.API.User.csproj", "{1C47FB21-D4F0-4214-9656-B62F22904288}"
EndProject
Global
	GlobalSection(SolutionConfigurationPlatforms) = preSolution
		Debug|Any CPU = Debug|Any CPU
		Release|Any CPU = Release|Any CPU
	EndGlobalSection
	GlobalSection(ProjectConfigurationPlatforms) = postSolution
		{1C47FB21-D4F0-4214-9656-B62F22904288}.Debug|Any CPU.ActiveCfg = Debug|Any CPU
		{1C47FB21-D4F0-4214-9656-B62F22904288}.Debug|Any CPU.Build.0 = Debug|Any CPU
		{1C47FB21-D4F0-4214-9656-B62F22904288}.Release|Any CPU.ActiveCfg = Release|Any CPU
		{1C47FB21-D4F0-4214-9656-B62F22904288}.Release|Any CPU.Build.0 = Release|Any CPU
	EndGlobalSection
	GlobalSection(SolutionProperties) = preSolution
		HideSolutionNode = FALSE
	EndGlobalSection
	GlobalSection(ExtensibilityGlobals) = postSolution
		SolutionGuid = {E29D74BD-8B21-410D-84C8-54FB099FA653}
	EndGlobalSection
EndGlobal
